
Microsoft Visual Studio Solution File, Format Version 12.00
# Visual Studio 15
VisualStudioVersion = 15.0.27703.2018
MinimumVisualStudioVersion = 10.0.40219.1
Project("{FAE04EC0-301F-11D3-BF4B-00C04F79EFBC}") = "DogWalker", "DogWalker\DogWalker.csproj", "{CBBD711F-7673-4F50-BEF4-9CEA71882503}"
EndProject
Global
	GlobalSection(SolutionConfigurationPlatforms) = preSolution
		Debug|Any CPU = Debug|Any CPU
		Release|Any CPU = Release|Any CPU
	EndGlobalSection
	GlobalSection(ProjectConfigurationPlatforms) = postSolution
		{CBBD711F-7673-4F50-BEF4-9CEA71882503}.Debug|Any CPU.ActiveCfg = Debug|Any CPU
		{CBBD711F-7673-4F50-BEF4-9CEA71882503}.Debug|Any CPU.Build.0 = Debug|Any CPU
		{CBBD711F-7673-4F50-BEF4-9CEA71882503}.Release|Any CPU.ActiveCfg = Release|Any CPU
		{CBBD711F-7673-4F50-BEF4-9CEA71882503}.Release|Any CPU.Build.0 = Release|Any CPU
	EndGlobalSection
	GlobalSection(SolutionProperties) = preSolution
		HideSolutionNode = FALSE
	EndGlobalSection
	GlobalSection(ExtensibilityGlobals) = postSolution
		SolutionGuid = {6384680B-C9D8-4EEC-A35E-7E45EF4F6DA0}
	EndGlobalSection
EndGlobal
